
Microsoft Visual Studio Solution File, Format Version 12.00
# Visual Studio Version 16
VisualStudioVersion = 16.0.30330.147
MinimumVisualStudioVersion = 10.0.40219.1
Project("{9A19103F-16F7-4668-BE54-9A1E7A4F7556}") = "MetricsManager", "MetricsManager.csproj", "{986BCB7A-4478-4AD4-B37E-43E91A3BFEB6}"
EndProject
Project("{9A19103F-16F7-4668-BE54-9A1E7A4F7556}") = "MetricsAgent", "..\MetricsAgent\MetricsAgent.csproj", "{67F3C9AC-01A2-4C07-9666-2610E6E2E13B}"
EndProject
Project("{FAE04EC0-301F-11D3-BF4B-00C04F79EFBC}") = "MetricsManagerTests", "..\MetricsManagerTests\MetricsManagerTests.csproj", "{51A799B7-BBEE-4FE1-B6BF-796E0365CA71}"
EndProject
Project("{FAE04EC0-301F-11D3-BF4B-00C04F79EFBC}") = "MetricsAgentTests", "..\MetricsAgentTests\MetricsAgentTests.csproj", "{6E95A9CF-974B-4187-A90C-A313986AF03A}"
EndProject
Global
	GlobalSection(SolutionConfigurationPlatforms) = preSolution
		Debug|Any CPU = Debug|Any CPU
		Release|Any CPU = Release|Any CPU
	EndGlobalSection
	GlobalSection(ProjectConfigurationPlatforms) = postSolution
		{986BCB7A-4478-4AD4-B37E-43E91A3BFEB6}.Debug|Any CPU.ActiveCfg = Debug|Any CPU
		{986BCB7A-4478-4AD4-B37E-43E91A3BFEB6}.Debug|Any CPU.Build.0 = Debug|Any CPU
		{986BCB7A-4478-4AD4-B37E-43E91A3BFEB6}.Release|Any CPU.ActiveCfg = Release|Any CPU
		{986BCB7A-4478-4AD4-B37E-43E91A3BFEB6}.Release|Any CPU.Build.0 = Release|Any CPU
		{67F3C9AC-01A2-4C07-9666-2610E6E2E13B}.Debug|Any CPU.ActiveCfg = Debug|Any CPU
		{67F3C9AC-01A2-4C07-9666-2610E6E2E13B}.Debug|Any CPU.Build.0 = Debug|Any CPU
		{67F3C9AC-01A2-4C07-9666-2610E6E2E13B}.Release|Any CPU.ActiveCfg = Release|Any CPU
		{67F3C9AC-01A2-4C07-9666-2610E6E2E13B}.Release|Any CPU.Build.0 = Release|Any CPU
		{51A799B7-BBEE-4FE1-B6BF-796E0365CA71}.Debug|Any CPU.ActiveCfg = Debug|Any CPU
		{51A799B7-BBEE-4FE1-B6BF-796E0365CA71}.Debug|Any CPU.Build.0 = Debug|Any CPU
		{51A799B7-BBEE-4FE1-B6BF-796E0365CA71}.Release|Any CPU.ActiveCfg = Release|Any CPU
		{51A799B7-BBEE-4FE1-B6BF-796E0365CA71}.Release|Any CPU.Build.0 = Release|Any CPU
		{6E95A9CF-974B-4187-A90C-A313986AF03A}.Debug|Any CPU.ActiveCfg = Debug|Any CPU
		{6E95A9CF-974B-4187-A90C-A313986AF03A}.Debug|Any CPU.Build.0 = Debug|Any CPU
		{6E95A9CF-974B-4187-A90C-A313986AF03A}.Release|Any CPU.ActiveCfg = Release|Any CPU
		{6E95A9CF-974B-4187-A90C-A313986AF03A}.Release|Any CPU.Build.0 = Release|Any CPU
	EndGlobalSection
	GlobalSection(SolutionProperties) = preSolution
		HideSolutionNode = FALSE
	EndGlobalSection
	GlobalSection(ExtensibilityGlobals) = postSolution
		SolutionGuid = {9670B166-F728-47DA-884A-3F6BBBB6271D}
	EndGlobalSection
EndGlobal
